
Microsoft Visual Studio Solution File, Format Version 12.00
# Visual Studio 15
VisualStudioVersion = 15.0.28307.421
MinimumVisualStudioVersion = 10.0.40219.1
Project("{8BC9CEB8-8B4A-11D0-8D11-00A0C91BC942}") = "Exp1", "Exp1\Exp1.vcxproj", "{8EB81075-6AAE-426C-950F-DFC6994224DC}"
EndProject
Project("{8BC9CEB8-8B4A-11D0-8D11-00A0C91BC942}") = "Exp1_GLFW", "Exp1_GLFW\Exp1_GLFW.vcxproj", "{8673BB89-F48D-4F03-A1E5-21F2A941FD08}"
EndProject
Global
	GlobalSection(SolutionConfigurationPlatforms) = preSolution
		Debug|x64 = Debug|x64
		Debug|x86 = Debug|x86
		Release|x64 = Release|x64
		Release|x86 = Release|x86
	EndGlobalSection
	GlobalSection(ProjectConfigurationPlatforms) = postSolution
		{8EB81075-6AAE-426C-950F-DFC6994224DC}.Debug|x64.ActiveCfg = Debug|x64
		{8EB81075-6AAE-426C-950F-DFC6994224DC}.Debug|x64.Build.0 = Debug|x64
		{8EB81075-6AAE-426C-950F-DFC6994224DC}.Debug|x86.ActiveCfg = Debug|Win32
		{8EB81075-6AAE-426C-950F-DFC6994224DC}.Debug|x86.Build.0 = Debug|Win32
		{8EB81075-6AAE-426C-950F-DFC6994224DC}.Release|x64.ActiveCfg = Release|x64
		{8EB81075-6AAE-426C-950F-DFC6994224DC}.Release|x64.Build.0 = Release|x64
		{8EB81075-6AAE-426C-950F-DFC6994224DC}.Release|x86.ActiveCfg = Release|Win32
		{8EB81075-6AAE-426C-950F-DFC6994224DC}.Release|x86.Build.0 = Release|Win32
		{8673BB89-F48D-4F03-A1E5-21F2A941FD08}.Debug|x64.ActiveCfg = Debug|x64
		{8673BB89-F48D-4F03-A1E5-21F2A941FD08}.Debug|x64.Build.0 = Debug|x64
		{8673BB89-F48D-4F03-A1E5-21F2A941FD08}.Debug|x86.ActiveCfg = Debug|Win32
		{8673BB89-F48D-4F03-A1E5-21F2A941FD08}.Debug|x86.Build.0 = Debug|Win32
		{8673BB89-F48D-4F03-A1E5-21F2A941FD08}.Release|x64.ActiveCfg = Release|x64
		{8673BB89-F48D-4F03-A1E5-21F2A941FD08}.Release|x64.Build.0 = Release|x64
		{8673BB89-F48D-4F03-A1E5-21F2A941FD08}.Release|x86.ActiveCfg = Release|Win32
		{8673BB89-F48D-4F03-A1E5-21F2A941FD08}.Release|x86.Build.0 = Release|Win32
	EndGlobalSection
	GlobalSection(SolutionProperties) = preSolution
		HideSolutionNode = FALSE
	EndGlobalSection
	GlobalSection(ExtensibilityGlobals) = postSolution
		SolutionGuid = {B084FEA3-5564-4AA1-890E-4ABC00E7981C}
	EndGlobalSection
EndGlobal
